
Microsoft Visual Studio Solution File, Format Version 12.00
# Visual Studio Version 16
VisualStudioVersion = 16.0.31025.194
MinimumVisualStudioVersion = 10.0.40219.1
Project("{FAE04EC0-301F-11D3-BF4B-00C04F79EFBC}") = "DataAccess", "DataAccess\DataAccess.csproj", "{8E636E15-1AAD-44B5-8119-101658ACFE57}"
EndProject
Project("{FAE04EC0-301F-11D3-BF4B-00C04F79EFBC}") = "Business", "Business\Business.csproj", "{F26915C0-44DF-4F4A-811E-76799CEEF869}"
EndProject
Project("{FAE04EC0-301F-11D3-BF4B-00C04F79EFBC}") = "Entities", "Entities\Entities.csproj", "{B620E76E-DAAF-42D3-921B-8CC71B01F5FA}"
EndProject
Project("{FAE04EC0-301F-11D3-BF4B-00C04F79EFBC}") = "WebAPI", "WebAPI\WebAPI.csproj", "{F8CECD46-3C57-429B-99C0-A9C6CF1921C1}"
EndProject
Project("{FAE04EC0-301F-11D3-BF4B-00C04F79EFBC}") = "Core", "Core\Core.csproj", "{4C297AFB-C81E-45DF-802A-4365A7BA414E}"
EndProject
Global
	GlobalSection(SolutionConfigurationPlatforms) = preSolution
		Debug|Any CPU = Debug|Any CPU
		Release|Any CPU = Release|Any CPU
	EndGlobalSection
	GlobalSection(ProjectConfigurationPlatforms) = postSolution
		{8E636E15-1AAD-44B5-8119-101658ACFE57}.Debug|Any CPU.ActiveCfg = Debug|Any CPU
		{8E636E15-1AAD-44B5-8119-101658ACFE57}.Debug|Any CPU.Build.0 = Debug|Any CPU
		{8E636E15-1AAD-44B5-8119-101658ACFE57}.Release|Any CPU.ActiveCfg = Release|Any CPU
		{8E636E15-1AAD-44B5-8119-101658ACFE57}.Release|Any CPU.Build.0 = Release|Any CPU
		{F26915C0-44DF-4F4A-811E-76799CEEF869}.Debug|Any CPU.ActiveCfg = Debug|Any CPU
		{F26915C0-44DF-4F4A-811E-76799CEEF869}.Debug|Any CPU.Build.0 = Debug|Any CPU
		{F26915C0-44DF-4F4A-811E-76799CEEF869}.Release|Any CPU.ActiveCfg = Release|Any CPU
		{F26915C0-44DF-4F4A-811E-76799CEEF869}.Release|Any CPU.Build.0 = Release|Any CPU
		{B620E76E-DAAF-42D3-921B-8CC71B01F5FA}.Debug|Any CPU.ActiveCfg = Debug|Any CPU
		{B620E76E-DAAF-42D3-921B-8CC71B01F5FA}.Debug|Any CPU.Build.0 = Debug|Any CPU
		{B620E76E-DAAF-42D3-921B-8CC71B01F5FA}.Release|Any CPU.ActiveCfg = Release|Any CPU
		{B620E76E-DAAF-42D3-921B-8CC71B01F5FA}.Release|Any CPU.Build.0 = Release|Any CPU
		{F8CECD46-3C57-429B-99C0-A9C6CF1921C1}.Debug|Any CPU.ActiveCfg = Debug|Any CPU
		{F8CECD46-3C57-429B-99C0-A9C6CF1921C1}.Debug|Any CPU.Build.0 = Debug|Any CPU
		{F8CECD46-3C57-429B-99C0-A9C6CF1921C1}.Release|Any CPU.ActiveCfg = Release|Any CPU
		{F8CECD46-3C57-429B-99C0-A9C6CF1921C1}.Release|Any CPU.Build.0 = Release|Any CPU
		{4C297AFB-C81E-45DF-802A-4365A7BA414E}.Debug|Any CPU.ActiveCfg = Debug|Any CPU
		{4C297AFB-C81E-45DF-802A-4365A7BA414E}.Debug|Any CPU.Build.0 = Debug|Any CPU
		{4C297AFB-C81E-45DF-802A-4365A7BA414E}.Release|Any CPU.ActiveCfg = Release|Any CPU
		{4C297AFB-C81E-45DF-802A-4365A7BA414E}.Release|Any CPU.Build.0 = Release|Any CPU
	EndGlobalSection
	GlobalSection(SolutionProperties) = preSolution
		HideSolutionNode = FALSE
	EndGlobalSection
	GlobalSection(ExtensibilityGlobals) = postSolution
		SolutionGuid = {1764ACA3-33C2-464C-85DD-7778C0BE83A1}
	EndGlobalSection
EndGlobal
